--- 
dependencies: 
  rails: 
    group: 
    - :default
    version: = 3.0.0.beta
    require: 
    - rails
  mysql: 
    group: 
    - :default
    version: ">= 0"
    require: 
    - mysql
  twitter-auth: 
    group: 
    - :default
    version: ">= 0"
    require: 
    - twitter-auth
  sqlite3-ruby: 
    group: 
    - :default
    version: ">= 0"
    require: 
    - sqlite3-ruby
  json: 
    group: 
    - :default
    version: ">= 0"
    require: 
    - json
  reve: 
    group: 
    - :default
    version: ">= 0"
    require: 
    - reve
  chronic: 
    group: 
    - :default
    version: ">= 0"
    require: 
    - chronic
  twitter: 
    group: 
    - :default
    version: ">= 0"
    require: 
    - twitter
  packet: 
    group: 
    - :default
    version: ">= 0"
    require: 
    - packet
specs: 
- packet: 
    version: 0.1.15
- text-hyphen: 
    version: 1.0.0
- hpricot: 
    version: 0.8.2
- builder: 
    version: 2.1.2
- json_pure: 
    version: 1.2.0
- i18n: 
    version: 0.3.3
- bundler: 
    version: 0.9.4
- arel: 
    version: 0.2.1
- json: 
    version: 1.2.0
- reve: 
    version: 0.0.120
    source: 0
- activemodel: 
    version: 3.0.0.beta
- rubyforge: 
    version: 2.0.3
- crack: 
    version: 0.1.6
- ruby-hmac: 
    version: 0.4.0
- mime-types: 
    version: "1.16"
- mail: 
    version: 2.1.2
- abstract: 
    version: 1.0.0
- erubis: 
    version: 2.6.5
- hashie: 
    version: 0.1.8
- oauth: 
    version: 0.3.6
- thor: 
    version: 0.13.0
- ezcrypto: 
    version: 0.7.2
- mysql: 
    version: 2.8.1
- twitter-auth: 
    version: 0.1.22
- sqlite3-ruby: 
    version: 1.2.5
- rake: 
    version: 0.8.7
- gemcutter: 
    version: 0.3.0
- hoe: 
    version: 2.5.0
- chronic: 
    version: 0.2.3
- railties: 
    version: 3.0.0.beta
- memcache-client: 
    version: 1.7.8
- rack: 
    version: 1.1.0
- rack-test: 
    version: 0.5.3
- rack-mount: 
    version: 0.4.7
- actionpack: 
    version: 3.0.0.beta
- text-format: 
    version: 1.0.0
- actionmailer: 
    version: 3.0.0.beta
- activerecord: 
    version: 3.0.0.beta
- httparty: 
    version: 0.4.5
- twitter: 
    version: 0.8.3
- tzinfo: 
    version: 0.3.16
- activesupport: 
    version: 3.0.0.beta
- activeresource: 
    version: 3.0.0.beta
- rails: 
    version: 3.0.0.beta
hash: 5ec021dce341c9260293e8304da32fff549ecc86
sources: 
- Git: 
    uri: git://github.com/lisa/reve.git
    git: git://github.com/lisa/reve.git
    ref: 3a8f586e500a21cadcf7151101b4f9c971aa6a5d
- Rubygems: 
    uri: http://gemcutter.org
